
Microsoft Visual Studio Solution File, Format Version 12.00
# Visual Studio Version 17
VisualStudioVersion = 17.5.33502.453
MinimumVisualStudioVersion = 10.0.40219.1
Project("{FAE04EC0-301F-11D3-BF4B-00C04F79EFBC}") = "Logic", "Logic\Logic.csproj", "{9D5EC39A-2122-4159-896C-2FD415B6801E}"
	ProjectSection(ProjectDependencies) = postProject
		{AE0F6DFD-3A73-486F-A0FF-F4E28BA0CA35} = {AE0F6DFD-3A73-486F-A0FF-F4E28BA0CA35}
	EndProjectSection
EndProject
Project("{FAE04EC0-301F-11D3-BF4B-00C04F79EFBC}") = "TestData", "TestData\TestData.csproj", "{AE0F6DFD-3A73-486F-A0FF-F4E28BA0CA35}"
EndProject
Project("{2150E333-8FDC-42A3-9474-1A3956D46DE8}") = "Elementy rozwiązania", "Elementy rozwiązania", "{08686ADF-C58E-4535-B03C-B5CEE1B7DB32}"
	ProjectSection(SolutionItems) = preProject
		README.md = README.md
	EndProjectSection
EndProject
Project("{FAE04EC0-301F-11D3-BF4B-00C04F79EFBC}") = "Data", "Data\Data.csproj", "{1F0E746A-7062-47E6-987F-6F0F296E4266}"
EndProject
Project("{FAE04EC0-301F-11D3-BF4B-00C04F79EFBC}") = "LogicTest", "LogicTest\LogicTest.csproj", "{ACF69E6E-F636-4913-ACC2-74D4CB87DABF}"
EndProject
Global
	GlobalSection(SolutionConfigurationPlatforms) = preSolution
		Debug|Any CPU = Debug|Any CPU
		Release|Any CPU = Release|Any CPU
	EndGlobalSection
	GlobalSection(ProjectConfigurationPlatforms) = postSolution
		{9D5EC39A-2122-4159-896C-2FD415B6801E}.Debug|Any CPU.ActiveCfg = Debug|Any CPU
		{9D5EC39A-2122-4159-896C-2FD415B6801E}.Debug|Any CPU.Build.0 = Debug|Any CPU
		{9D5EC39A-2122-4159-896C-2FD415B6801E}.Release|Any CPU.ActiveCfg = Release|Any CPU
		{9D5EC39A-2122-4159-896C-2FD415B6801E}.Release|Any CPU.Build.0 = Release|Any CPU
		{AE0F6DFD-3A73-486F-A0FF-F4E28BA0CA35}.Debug|Any CPU.ActiveCfg = Debug|Any CPU
		{AE0F6DFD-3A73-486F-A0FF-F4E28BA0CA35}.Debug|Any CPU.Build.0 = Debug|Any CPU
		{AE0F6DFD-3A73-486F-A0FF-F4E28BA0CA35}.Release|Any CPU.ActiveCfg = Release|Any CPU
		{AE0F6DFD-3A73-486F-A0FF-F4E28BA0CA35}.Release|Any CPU.Build.0 = Release|Any CPU
		{1F0E746A-7062-47E6-987F-6F0F296E4266}.Debug|Any CPU.ActiveCfg = Debug|Any CPU
		{1F0E746A-7062-47E6-987F-6F0F296E4266}.Debug|Any CPU.Build.0 = Debug|Any CPU
		{1F0E746A-7062-47E6-987F-6F0F296E4266}.Release|Any CPU.ActiveCfg = Release|Any CPU
		{1F0E746A-7062-47E6-987F-6F0F296E4266}.Release|Any CPU.Build.0 = Release|Any CPU
		{ACF69E6E-F636-4913-ACC2-74D4CB87DABF}.Debug|Any CPU.ActiveCfg = Debug|Any CPU
		{ACF69E6E-F636-4913-ACC2-74D4CB87DABF}.Debug|Any CPU.Build.0 = Debug|Any CPU
		{ACF69E6E-F636-4913-ACC2-74D4CB87DABF}.Release|Any CPU.ActiveCfg = Release|Any CPU
		{ACF69E6E-F636-4913-ACC2-74D4CB87DABF}.Release|Any CPU.Build.0 = Release|Any CPU
	EndGlobalSection
	GlobalSection(SolutionProperties) = preSolution
		HideSolutionNode = FALSE
	EndGlobalSection
	GlobalSection(ExtensibilityGlobals) = postSolution
		SolutionGuid = {87349CB6-7E74-4476-825E-59482E0AB560}
	EndGlobalSection
EndGlobal
